
Microsoft Visual Studio Solution File, Format Version 12.00
# Visual Studio Version 16
VisualStudioVersion = 16.0.30309.148
MinimumVisualStudioVersion = 10.0.40219.1
Project("{FAE04EC0-301F-11D3-BF4B-00C04F79EFBC}") = "MyLabSys", "MyLabSys.csproj", "{B9B7C624-82CB-49D0-940B-29D787035435}"
EndProject
Global
	GlobalSection(SolutionConfigurationPlatforms) = preSolution
		Debug|Any CPU = Debug|Any CPU
		Release|Any CPU = Release|Any CPU
	EndGlobalSection
	GlobalSection(ProjectConfigurationPlatforms) = postSolution
		{B9B7C624-82CB-49D0-940B-29D787035435}.Debug|Any CPU.ActiveCfg = Debug|Any CPU
		{B9B7C624-82CB-49D0-940B-29D787035435}.Debug|Any CPU.Build.0 = Debug|Any CPU
		{B9B7C624-82CB-49D0-940B-29D787035435}.Release|Any CPU.ActiveCfg = Release|Any CPU
		{B9B7C624-82CB-49D0-940B-29D787035435}.Release|Any CPU.Build.0 = Release|Any CPU
	EndGlobalSection
	GlobalSection(SolutionProperties) = preSolution
		HideSolutionNode = FALSE
	EndGlobalSection
	GlobalSection(ExtensibilityGlobals) = postSolution
		SolutionGuid = {BEEBE310-2611-4B79-9463-62C11FD0F2AA}
	EndGlobalSection
EndGlobal
